{
    "_meta": {
        "hash": {
            "sha256": "cde51ca72683caaf3f78178e234d205bdf1db4eb95cb93326757e6e190f8aeb6"
        },
        "pipfile-spec": 6,
        "requires": {
            "python_version": "3.10"
        },
        "sources": [
            {
                "name": "pypi",
                "url": "https://pypi.org/simple",
                "verify_ssl": true
            }
        ]
    },
    "default": {
        "sklaern": {
            "hashes": [
                "sha256:dec6e82491f574bf42b1233b70d1bd1b72e7116e52f8821869e66371769be584",
                "sha256:f5267f5443723154b0b2a4a5ceec3a33c258f34e87c314559a4720299b780c20"
            ],
            "index": "pypi",
            "version": "==0.99.1"
        }
    },
    "develop": {}
}
